// !$*UTF8*$!
{
	archiveVersion = 1;
	classes = {
	};
	objectVersion = 50;
	objects = {

/* Begin PBXBuildFile section */
		041622E62446E2D900B6E1CA /* AppDelegate.m in Sources */ = {isa = PBXBuildFile; fileRef = 041622E52446E2D900B6E1CA /* AppDelegate.m */; };
		041622E92446E2D900B6E1CA /* SceneDelegate.m in Sources */ = {isa = PBXBuildFile; fileRef = 041622E82446E2D900B6E1CA /* SceneDelegate.m */; };
		041622EC2446E2D900B6E1CA /* ViewController.m in Sources */ = {isa = PBXBuildFile; fileRef = 041622EB2446E2D900B6E1CA /* ViewController.m */; };
		041622EF2446E2D900B6E1CA /* Main.storyboard in Resources */ = {isa = PBXBuildFile; fileRef = 041622ED2446E2D900B6E1CA /* Main.storyboard */; };
		041622F12446E2DE00B6E1CA /* Assets.xcassets in Resources */ = {isa = PBXBuildFile; fileRef = 041622F02446E2DE00B6E1CA /* Assets.xcassets */; };
		041622F42446E2DE00B6E1CA /* LaunchScreen.storyboard in Resources */ = {isa = PBXBuildFile; fileRef = 041622F22446E2DE00B6E1CA /* LaunchScreen.storyboard */; };
		041622F72446E2DE00B6E1CA /* main.m in Sources */ = {isa = PBXBuildFile; fileRef = 041622F62446E2DE00B6E1CA /* main.m */; };
		041623012446E2DF00B6E1CA /* _1_pthreadTests.m in Sources */ = {isa = PBXBuildFile; fileRef = 041623002446E2DF00B6E1CA /* _1_pthreadTests.m */; };
		0416230C2446E2DF00B6E1CA /* _1_pthreadUITests.m in Sources */ = {isa = PBXBuildFile; fileRef = 0416230B2446E2DF00B6E1CA /* _1_pthreadUITests.m */; };
/* End PBXBuildFile section */

/* Begin PBXContainerItemProxy section */
		041622FD2446E2DF00B6E1CA /* PBXContainerItemProxy */ = {
			isa = PBXContainerItemProxy;
			containerPortal = 041622D92446E2D900B6E1CA /* Project object */;
			proxyType = 1;
			remoteGlobalIDString = 041622E02446E2D900B6E1CA;
			remoteInfo = "01-pthread";
		};
		041623082446E2DF00B6E1CA /* PBXContainerItemProxy */ = {
			isa = PBXContainerItemProxy;
			containerPortal = 041622D92446E2D900B6E1CA /* Project object */;
			proxyType = 1;
			remoteGlobalIDString = 041622E02446E2D900B6E1CA;
			remoteInfo = "01-pthread";
		};
/* End PBXContainerItemProxy section */

/* Begin PBXFileReference section */
		041622E12446E2D900B6E1CA /* 01-pthread.app */ = {isa = PBXFileReference; explicitFileType = wrapper.application; includeInIndex = 0; path = "01-pthread.app"; sourceTree = BUILT_PRODUCTS_DIR; };
		041622E42446E2D900B6E1CA /* AppDelegate.h */ = {isa = PBXFileReference; lastKnownFileType = sourcecode.c.h; path = AppDelegate.h; sourceTree = "<group>"; };
		041622E52446E2D900B6E1CA /* AppDelegate.m */ = {isa = PBXFileReference; lastKnownFileType = sourcecode.c.objc; path = AppDelegate.m; sourceTree = "<group>"; };
		041622E72446E2D900B6E1CA /* SceneDelegate.h */ = {isa = PBXFileReference; lastKnownFileType = sourcecode.c.h; path = SceneDelegate.h; sourceTree = "<group>"; };
		041622E82446E2D900B6E1CA /* SceneDelegate.m */ = {isa = PBXFileReference; lastKnownFileType = sourcecode.c.objc; path = SceneDelegate.m; sourceTree = "<group>"; };
		041622EA2446E2D900B6E1CA /* ViewController.h */ = {isa = PBXFileReference; lastKnownFileType = sourcecode.c.h; path = ViewController.h; sourceTree = "<group>"; };
		041622EB2446E2D900B6E1CA /* ViewController.m */ = {isa = PBXFileReference; lastKnownFileType = sourcecode.c.objc; path = ViewController.m; sourceTree = "<group>"; };
		041622EE2446E2D900B6E1CA /* Base */ = {isa = PBXFileReference; lastKnownFileType = file.storyboard; name = Base; path = Base.lproj/Main.storyboard; sourceTree = "<group>"; };
		041622F02446E2DE00B6E1CA /* Assets.xcassets */ = {isa = PBXFileReference; lastKnownFileType = folder.assetcatalog; path = Assets.xcassets; sourceTree = "<group>"; };
		041622F32446E2DE00B6E1CA /* Base */ = {isa = PBXFileReference; lastKnownFileType = file.storyboard; name = Base; path = Base.lproj/LaunchScreen.storyboard; sourceTree = "<group>"; };
		041622F52446E2DE00B6E1CA /* Info.plist */ = {isa = PBXFileReference; lastKnownFileType = text.plist.xml; path = Info.plist; sourceTree = "<group>"; };
		041622F62446E2DE00B6E1CA /* main.m */ = {isa = PBXFileReference; lastKnownFileType = sourcecode.c.objc; path = main.m; sourceTree = "<group>"; };
		041622FC2446E2DF00B6E1CA /* 01-pthreadTests.xctest */ = {isa = PBXFileReference; explicitFileType = wrapper.cfbundle; includeInIndex = 0; path = "01-pthreadTests.xctest"; sourceTree = BUILT_PRODUCTS_DIR; };
		041623002446E2DF00B6E1CA /* _1_pthreadTests.m */ = {isa = PBXFileReference; lastKnownFileType = sourcecode.c.objc; path = _1_pthreadTests.m; sourceTree = "<group>"; };
		041623022446E2DF00B6E1CA /* Info.plist */ = {isa = PBXFileReference; lastKnownFileType = text.plist.xml; path = Info.plist; sourceTree = "<group>"; };
		041623072446E2DF00B6E1CA /* 01-pthreadUITests.xctest */ = {isa = PBXFileReference; explicitFileType = wrapper.cfbundle; includeInIndex = 0; path = "01-pthreadUITests.xctest"; sourceTree = BUILT_PRODUCTS_DIR; };
		0416230B2446E2DF00B6E1CA /* _1_pthreadUITests.m */ = {isa = PBXFileReference; lastKnownFileType = sourcecode.c.objc; path = _1_pthreadUITests.m; sourceTree = "<group>"; };
		0416230D2446E2DF00B6E1CA /* Info.plist */ = {isa = PBXFileReference; lastKnownFileType = text.plist.xml; path = Info.plist; sourceTree = "<group>"; };
/* End PBXFileReference section */

/* Begin PBXFrameworksBuildPhase section */
		041622DE2446E2D900B6E1CA /* Frameworks */ = {
			isa = PBXFrameworksBuildPhase;
			buildActionMask = 2147483647;
			files = (
			);
			runOnlyForDeploymentPostprocessing = 0;
		};
		041622F92446E2DF00B6E1CA /* Frameworks */ = {
			isa = PBXFrameworksBuildPhase;
			buildActionMask = 2147483647;
			files = (
			);
			runOnlyForDeploymentPostprocessing = 0;
		};
		041623042446E2DF00B6E1CA /* Frameworks */ = {
			isa = PBXFrameworksBuildPhase;
			buildActionMask = 2147483647;
			files = (
			);
			runOnlyForDeploymentPostprocessing = 0;
		};
/* End PBXFrameworksBuildPhase section */

/* Begin PBXGroup section */
		041622D82446E2D900B6E1CA = {
			isa = PBXGroup;
			children = (
				041622E32446E2D900B6E1CA /* 01-pthread */,
				041622FF2446E2DF00B6E1CA /* 01-pthreadTests */,
				0416230A2446E2DF00B6E1CA /* 01-pthreadUITests */,
				041622E22446E2D900B6E1CA /* Products */,
			);
			sourceTree = "<group>";
		};
		041622E22446E2D900B6E1CA /* Products */ = {
			isa = PBXGroup;
			children = (
				041622E12446E2D900B6E1CA /* 01-pthread.app */,
				041622FC2446E2DF00B6E1CA /* 01-pthreadTests.xctest */,
				041623072446E2DF00B6E1CA /* 01-pthreadUITests.xctest */,
			);
			name = Products;
			sourceTree = "<group>";
		};
		041622E32446E2D900B6E1CA /* 01-pthread */ = {
			isa = PBXGroup;
			children = (
				041622E42446E2D900B6E1CA /* AppDelegate.h */,
				041622E52446E2D900B6E1CA /* AppDelegate.m */,
				041622E72446E2D900B6E1CA /* SceneDelegate.h */,
				041622E82446E2D900B6E1CA /* SceneDelegate.m */,
				041622EA2446E2D900B6E1CA /* ViewController.h */,
				041622EB2446E2D900B6E1CA /* ViewController.m */,
				041622ED2446E2D900B6E1CA /* Main.storyboard */,
				041622F02446E2DE00B6E1CA /* Assets.xcassets */,
				041622F22446E2DE00B6E1CA /* LaunchScreen.storyboard */,
				041622F52446E2DE00B6E1CA /* Info.plist */,
				041622F62446E2DE00B6E1CA /* main.m */,
			);
			path = "01-pthread";
			sourceTree = "<group>";
		};
		041622FF2446E2DF00B6E1CA /* 01-pthreadTests */ = {
			isa = PBXGroup;
			children = (
				041623002446E2DF00B6E1CA /* _1_pthreadTests.m */,
				041623022446E2DF00B6E1CA /* Info.plist */,
			);
			path = "01-pthreadTests";
			sourceTree = "<group>";
		};
		0416230A2446E2DF00B6E1CA /* 01-pthreadUITests */ = {
			isa = PBXGroup;
			children = (
				0416230B2446E2DF00B6E1CA /* _1_pthreadUITests.m */,
				0416230D2446E2DF00B6E1CA /* Info.plist */,
			);
			path = "01-pthreadUITests";
			sourceTree = "<group>";
		};
/* End PBXGroup section */

/* Begin PBXNativeTarget section */
		041622E02446E2D900B6E1CA /* 01-pthread */ = {
			isa = PBXNativeTarget;
			buildConfigurationList = 041623102446E2DF00B6E1CA /* Build configuration list for PBXNativeTarget "01-pthread" */;
			buildPhases = (
				041622DD2446E2D900B6E1CA /* Sources */,
				041622DE2446E2D900B6E1CA /* Frameworks */,
				041622DF2446E2D900B6E1CA /* Resources */,
			);
			buildRules = (
			);
			dependencies = (
			);
			name = "01-pthread";
			productName = "01-pthread";
			productReference = 041622E12446E2D900B6E1CA /* 01-pthread.app */;
			productType = "com.apple.product-type.application";
		};
		041622FB2446E2DF00B6E1CA /* 01-pthreadTests */ = {
			isa = PBXNativeTarget;
			buildConfigurationList = 041623132446E2DF00B6E1CA /* Build configuration list for PBXNativeTarget "01-pthreadTests" */;
			buildPhases = (
				041622F82446E2DF00B6E1CA /* Sources */,
				041622F92446E2DF00B6E1CA /* Frameworks */,
				041622FA2446E2DF00B6E1CA /* Resources */,
			);
			buildRules = (
			);
			dependencies = (
				041622FE2446E2DF00B6E1CA /* PBXTargetDependency */,
			);
			name = "01-pthreadTests";
			productName = "01-pthreadTests";
			productReference = 041622FC2446E2DF00B6E1CA /* 01-pthreadTests.xctest */;
			productType = "com.apple.product-type.bundle.unit-test";
		};
		041623062446E2DF00B6E1CA /* 01-pthreadUITests */ = {
			isa = PBXNativeTarget;
			buildConfigurationList = 041623162446E2DF00B6E1CA /* Build configuration list for PBXNativeTarget "01-pthreadUITests" */;
			buildPhases = (
				041623032446E2DF00B6E1CA /* Sources */,
				041623042446E2DF00B6E1CA /* Frameworks */,
				041623052446E2DF00B6E1CA /* Resources */,
			);
			buildRules = (
			);
			dependencies = (
				041623092446E2DF00B6E1CA /* PBXTargetDependency */,
			);
			name = "01-pthreadUITests";
			productName = "01-pthreadUITests";
			productReference = 041623072446E2DF00B6E1CA /* 01-pthreadUITests.xctest */;
			productType = "com.apple.product-type.bundle.ui-testing";
		};
/* End PBXNativeTarget section */

/* Begin PBXProject section */
		041622D92446E2D900B6E1CA /* Project object */ = {
			isa = PBXProject;
			attributes = {
				LastUpgradeCheck = 1140;
				ORGANIZATIONNAME = Mac;
				TargetAttributes = {
					041622E02446E2D900B6E1CA = {
						CreatedOnToolsVersion = 11.4;
					};
					041622FB2446E2DF00B6E1CA = {
						CreatedOnToolsVersion = 11.4;
						TestTargetID = 041622E02446E2D900B6E1CA;
					};
					041623062446E2DF00B6E1CA = {
						CreatedOnToolsVersion = 11.4;
						TestTargetID = 041622E02446E2D900B6E1CA;
					};
				};
			};
			buildConfigurationList = 041622DC2446E2D900B6E1CA /* Build configuration list for PBXProject "01-pthread" */;
			compatibilityVersion = "Xcode 9.3";
			developmentRegion = en;
			hasScannedForEncodings = 0;
			knownRegions = (
				en,
				Base,
			);
			mainGroup = 041622D82446E2D900B6E1CA;
			productRefGroup = 041622E22446E2D900B6E1CA /* Products */;
			projectDirPath = "";
			projectRoot = "";
			targets = (
				041622E02446E2D900B6E1CA /* 01-pthread */,
				041622FB2446E2DF00B6E1CA /* 01-pthreadTests */,
				041623062446E2DF00B6E1CA /* 01-pthreadUITests */,
			);
		};
/* End PBXProject section */

/* Begin PBXResourcesBuildPhase section */
		041622DF2446E2D900B6E1CA /* Resources */ = {
			isa = PBXResourcesBuildPhase;
			buildActionMask = 2147483647;
			files = (
				041622F42446E2DE00B6E1CA /* LaunchScreen.storyboard in Resources */,
				041622F12446E2DE00B6E1CA /* Assets.xcassets in Resources */,
				041622EF2446E2D900B6E1CA /* Main.storyboard in Resources */,
			);
			runOnlyForDeploymentPostprocessing = 0;
		};
		041622FA2446E2DF00B6E1CA /* Resources */ = {
			isa = PBXResourcesBuildPhase;
			buildActionMask = 2147483647;
			files = (
			);
			runOnlyForDeploymentPostprocessing = 0;
		};
		041623052446E2DF00B6E1CA /* Resources */ = {
			isa = PBXResourcesBuildPhase;
			buildActionMask = 2147483647;
			files = (
			);
			runOnlyForDeploymentPostprocessing = 0;
		};
/* End PBXResourcesBuildPhase section */

/* Begin PBXSourcesBuildPhase section */
		041622DD2446E2D900B6E1CA /* Sources */ = {
			isa = PBXSourcesBuildPhase;
			buildActionMask = 2147483647;
			files = (
				041622EC2446E2D900B6E1CA /* ViewController.m in Sources */,
				041622E62446E2D900B6E1CA /* AppDelegate.m in Sources */,
				041622F72446E2DE00B6E1CA /* main.m in Sources */,
				041622E92446E2D900B6E1CA /* SceneDelegate.m in Sources */,
			);
			runOnlyForDeploymentPostprocessing = 0;
		};
		041622F82446E2DF00B6E1CA /* Sources */ = {
			isa = PBXSourcesBuildPhase;
			buildActionMask = 2147483647;
			files = (
				041623012446E2DF00B6E1CA /* _1_pthreadTests.m in Sources */,
			);
			runOnlyForDeploymentPostprocessing = 0;
		};
		041623032446E2DF00B6E1CA /* Sources */ = {
			isa = PBXSourcesBuildPhase;
			buildActionMask = 2147483647;
			files = (
				0416230C2446E2DF00B6E1CA /* _1_pthreadUITests.m in Sources */,
			);
			runOnlyForDeploymentPostprocessing = 0;
		};
/* End PBXSourcesBuildPhase section */

/* Begin PBXTargetDependency section */
		041622FE2446E2DF00B6E1CA /* PBXTargetDependency */ = {
			isa = PBXTargetDependency;
			target = 041622E02446E2D900B6E1CA /* 01-pthread */;
			targetProxy = 041622FD2446E2DF00B6E1CA /* PBXContainerItemProxy */;
		};
		041623092446E2DF00B6E1CA /* PBXTargetDependency */ = {
			isa = PBXTargetDependency;
			target = 041622E02446E2D900B6E1CA /* 01-pthread */;
			targetProxy = 041623082446E2DF00B6E1CA /* PBXContainerItemProxy */;
		};
/* End PBXTargetDependency section */

/* Begin PBXVariantGroup section */
		041622ED2446E2D900B6E1CA /* Main.storyboard */ = {
			isa = PBXVariantGroup;
			children = (
				041622EE2446E2D900B6E1CA /* Base */,
			);
			name = Main.storyboard;
			sourceTree = "<group>";
		};
		041622F22446E2DE00B6E1CA /* LaunchScreen.storyboard */ = {
			isa = PBXVariantGroup;
			children = (
				041622F32446E2DE00B6E1CA /* Base */,
			);
			name = LaunchScreen.storyboard;
			sourceTree = "<group>";
		};
/* End PBXVariantGroup section */

/* Begin XCBuildConfiguration section */
		0416230E2446E2DF00B6E1CA /* Debug */ = {
			isa = XCBuildConfiguration;
			buildSettings = {
				ALWAYS_SEARCH_USER_PATHS = NO;
				CLANG_ANALYZER_NONNULL = YES;
				CLANG_ANALYZER_NUMBER_OBJECT_CONVERSION = YES_AGGRESSIVE;
				CLANG_CXX_LANGUAGE_STANDARD = "gnu++14";
				CLANG_CXX_LIBRARY = "libc++";
				CLANG_ENABLE_MODULES = YES;
				CLANG_ENABLE_OBJC_ARC = YES;
				CLANG_ENABLE_OBJC_WEAK = YES;
				CLANG_WARN_BLOCK_CAPTURE_AUTORELEASING = YES;
				CLANG_WARN_BOOL_CONVERSION = YES;
				CLANG_WARN_COMMA = YES;
				CLANG_WARN_CONSTANT_CONVERSION = YES;
				CLANG_WARN_DEPRECATED_OBJC_IMPLEMENTATIONS = YES;
				CLANG_WARN_DIRECT_OBJC_ISA_USAGE = YES_ERROR;
				CLANG_WARN_DOCUMENTATION_COMMENTS = YES;
				CLANG_WARN_EMPTY_BODY = YES;
				CLANG_WARN_ENUM_CONVERSION = YES;
				CLANG_WARN_INFINITE_RECURSION = YES;
				CLANG_WARN_INT_CONVERSION = YES;
				CLANG_WARN_NON_LITERAL_NULL_CONVERSION = YES;
				CLANG_WARN_OBJC_IMPLICIT_RETAIN_SELF = YES;
				CLANG_WARN_OBJC_LITERAL_CONVERSION = YES;
				CLANG_WARN_OBJC_ROOT_CLASS = YES_ERROR;
				CLANG_WARN_RANGE_LOOP_ANALYSIS = YES;
				CLANG_WARN_STRICT_PROTOTYPES = YES;
				CLANG_WARN_SUSPICIOUS_MOVE = YES;
				CLANG_WARN_UNGUARDED_AVAILABILITY = YES_AGGRESSIVE;
				CLANG_WARN_UNREACHABLE_CODE = YES;
				CLANG_WARN__DUPLICATE_METHOD_MATCH = YES;
				COPY_PHASE_STRIP = NO;
				DEBUG_INFORMATION_FORMAT = dwarf;
				ENABLE_STRICT_OBJC_MSGSEND = YES;
				ENABLE_TESTABILITY = YES;
				GCC_C_LANGUAGE_STANDARD = gnu11;
				GCC_DYNAMIC_NO_PIC = NO;
				GCC_NO_COMMON_BLOCKS = YES;
				GCC_OPTIMIZATION_LEVEL = 0;
				GCC_PREPROCESSOR_DEFINITIONS = (
					"DEBUG=1",
					"$(inherited)",
				);
				GCC_WARN_64_TO_32_BIT_CONVERSION = YES;
				GCC_WARN_ABOUT_RETURN_TYPE = YES_ERROR;
				GCC_WARN_UNDECLARED_SELECTOR = YES;
				GCC_WARN_UNINITIALIZED_AUTOS = YES_AGGRESSIVE;
				GCC_WARN_UNUSED_FUNCTION = YES;
				GCC_WARN_UNUSED_VARIABLE = YES;
				IPHONEOS_DEPLOYMENT_TARGET = 13.4;
				MTL_ENABLE_DEBUG_INFO = INCLUDE_SOURCE;
				MTL_FAST_MATH = YES;
				ONLY_ACTIVE_ARCH = YES;
				SDKROOT = iphoneos;
			};
			name = Debug;
		};
		0416230F2446E2DF00B6E1CA /* Release */ = {
			isa = XCBuildConfiguration;
			buildSettings = {
				ALWAYS_SEARCH_USER_PATHS = NO;
				CLANG_ANALYZER_NONNULL = YES;
				CLANG_ANALYZER_NUMBER_OBJECT_CONVERSION = YES_AGGRESSIVE;
				CLANG_CXX_LANGUAGE_STANDARD = "gnu++14";
				CLANG_CXX_LIBRARY = "libc++";
				CLANG_ENABLE_MODULES = YES;
				CLANG_ENABLE_OBJC_ARC = YES;
				CLANG_ENABLE_OBJC_WEAK = YES;
				CLANG_WARN_BLOCK_CAPTURE_AUTORELEASING = YES;
				CLANG_WARN_BOOL_CONVERSION = YES;
				CLANG_WARN_COMMA = YES;
				CLANG_WARN_CONSTANT_CONVERSION = YES;
				CLANG_WARN_DEPRECATED_OBJC_IMPLEMENTATIONS = YES;
				CLANG_WARN_DIRECT_OBJC_ISA_USAGE = YES_ERROR;
				CLANG_WARN_DOCUMENTATION_COMMENTS = YES;
				CLANG_WARN_EMPTY_BODY = YES;
				CLANG_WARN_ENUM_CONVERSION = YES;
				CLANG_WARN_INFINITE_RECURSION = YES;
				CLANG_WARN_INT_CONVERSION = YES;
				CLANG_WARN_NON_LITERAL_NULL_CONVERSION = YES;
				CLANG_WARN_OBJC_IMPLICIT_RETAIN_SELF = YES;
				CLANG_WARN_OBJC_LITERAL_CONVERSION = YES;
				CLANG_WARN_OBJC_ROOT_CLASS = YES_ERROR;
				CLANG_WARN_RANGE_LOOP_ANALYSIS = YES;
				CLANG_WARN_STRICT_PROTOTYPES = YES;
				CLANG_WARN_SUSPICIOUS_MOVE = YES;
				CLANG_WARN_UNGUARDED_AVAILABILITY = YES_AGGRESSIVE;
				CLANG_WARN_UNREACHABLE_CODE = YES;
				CLANG_WARN__DUPLICATE_METHOD_MATCH = YES;
				COPY_PHASE_STRIP = NO;
				DEBUG_INFORMATION_FORMAT = "dwarf-with-dsym";
				ENABLE_NS_ASSERTIONS = NO;
				ENABLE_STRICT_OBJC_MSGSEND = YES;
				GCC_C_LANGUAGE_STANDARD = gnu11;
				GCC_NO_COMMON_BLOCKS = YES;
				GCC_WARN_64_TO_32_BIT_CONVERSION = YES;
				GCC_WARN_ABOUT_RETURN_TYPE = YES_ERROR;
				GCC_WARN_UNDECLARED_SELECTOR = YES;
				GCC_WARN_UNINITIALIZED_AUTOS = YES_AGGRESSIVE;
				GCC_WARN_UNUSED_FUNCTION = YES;
				GCC_WARN_UNUSED_VARIABLE = YES;
				IPHONEOS_DEPLOYMENT_TARGET = 13.4;
				MTL_ENABLE_DEBUG_INFO = NO;
				MTL_FAST_MATH = YES;
				SDKROOT = iphoneos;
				VALIDATE_PRODUCT = YES;
			};
			name = Release;
		};
		041623112446E2DF00B6E1CA /* Debug */ = {
			isa = XCBuildConfiguration;
			buildSettings = {
				ASSETCATALOG_COMPILER_APPICON_NAME = AppIcon;
				CODE_SIGN_STYLE = Automatic;
				DEVELOPMENT_TEAM = MVGBX5DTX9;
				INFOPLIST_FILE = "01-pthread/Info.plist";
				LD_RUNPATH_SEARCH_PATHS = (
					"$(inherited)",
					"@executable_path/Frameworks",
				);
				PRODUCT_BUNDLE_IDENTIFIER = "com.sz.andy.zl.-1-pthread";
				PRODUCT_NAME = "$(TARGET_NAME)";
				TARGETED_DEVICE_FAMILY = "1,2";
			};
			name = Debug;
		};
		041623122446E2DF00B6E1CA /* Release */ = {
			isa = XCBuildConfiguration;
			buildSettings = {
				ASSETCATALOG_COMPILER_APPICON_NAME = AppIcon;
				CODE_SIGN_STYLE = Automatic;
				DEVELOPMENT_TEAM = MVGBX5DTX9;
				INFOPLIST_FILE = "01-pthread/Info.plist";
				LD_RUNPATH_SEARCH_PATHS = (
					"$(inherited)",
					"@executable_path/Frameworks",
				);
				PRODUCT_BUNDLE_IDENTIFIER = "com.sz.andy.zl.-1-pthread";
				PRODUCT_NAME = "$(TARGET_NAME)";
				TARGETED_DEVICE_FAMILY = "1,2";
			};
			name = Release;
		};
		041623142446E2DF00B6E1CA /* Debug */ = {
			isa = XCBuildConfiguration;
			buildSettings = {
				BUNDLE_LOADER = "$(TEST_HOST)";
				CODE_SIGN_STYLE = Automatic;
				DEVELOPMENT_TEAM = MVGBX5DTX9;
				INFOPLIST_FILE = "01-pthreadTests/Info.plist";
				IPHONEOS_DEPLOYMENT_TARGET = 13.4;
				LD_RUNPATH_SEARCH_PATHS = (
					"$(inherited)",
					"@executable_path/Frameworks",
					"@loader_path/Frameworks",
				);
				PRODUCT_BUNDLE_IDENTIFIER = "com.sz.andy.zl.-1-pthreadTests";
				PRODUCT_NAME = "$(TARGET_NAME)";
				TARGETED_DEVICE_FAMILY = "1,2";
				TEST_HOST = "$(BUILT_PRODUCTS_DIR)/01-pthread.app/01-pthread";
			};
			name = Debug;
		};
		041623152446E2DF00B6E1CA /* Release */ = {
			isa = XCBuildConfiguration;
			buildSettings = {
				BUNDLE_LOADER = "$(TEST_HOST)";
				CODE_SIGN_STYLE = Automatic;
				DEVELOPMENT_TEAM = MVGBX5DTX9;
				INFOPLIST_FILE = "01-pthreadTests/Info.plist";
				IPHONEOS_DEPLOYMENT_TARGET = 13.4;
				LD_RUNPATH_SEARCH_PATHS = (
					"$(inherited)",
					"@executable_path/Frameworks",
					"@loader_path/Frameworks",
				);
				PRODUCT_BUNDLE_IDENTIFIER = "com.sz.andy.zl.-1-pthreadTests";
				PRODUCT_NAME = "$(TARGET_NAME)";
				TARGETED_DEVICE_FAMILY = "1,2";
				TEST_HOST = "$(BUILT_PRODUCTS_DIR)/01-pthread.app/01-pthread";
			};
			name = Release;
		};
		041623172446E2DF00B6E1CA /* Debug */ = {
			isa = XCBuildConfiguration;
			buildSettings = {
				CODE_SIGN_STYLE = Automatic;
				DEVELOPMENT_TEAM = MVGBX5DTX9;
				INFOPLIST_FILE = "01-pthreadUITests/Info.plist";
				LD_RUNPATH_SEARCH_PATHS = (
					"$(inherited)",
					"@executable_path/Frameworks",
					"@loader_path/Frameworks",
				);
				PRODUCT_BUNDLE_IDENTIFIER = "com.sz.andy.zl.-1-pthreadUITests";
				PRODUCT_NAME = "$(TARGET_NAME)";
				TARGETED_DEVICE_FAMILY = "1,2";
				TEST_TARGET_NAME = "01-pthread";
			};
			name = Debug;
		};
		041623182446E2DF00B6E1CA /* Release */ = {
			isa = XCBuildConfiguration;
			buildSettings = {
				CODE_SIGN_STYLE = Automatic;
				DEVELOPMENT_TEAM = MVGBX5DTX9;
				INFOPLIST_FILE = "01-pthreadUITests/Info.plist";
				LD_RUNPATH_SEARCH_PATHS = (
					"$(inherited)",
					"@executable_path/Frameworks",
					"@loader_path/Frameworks",
				);
				PRODUCT_BUNDLE_IDENTIFIER = "com.sz.andy.zl.-1-pthreadUITests";
				PRODUCT_NAME = "$(TARGET_NAME)";
				TARGETED_DEVICE_FAMILY = "1,2";
				TEST_TARGET_NAME = "01-pthread";
			};
			name = Release;
		};
/* End XCBuildConfiguration section */

/* Begin XCConfigurationList section */
		041622DC2446E2D900B6E1CA /* Build configuration list for PBXProject "01-pthread" */ = {
			isa = XCConfigurationList;
			buildConfigurations = (
				0416230E2446E2DF00B6E1CA /* Debug */,
				0416230F2446E2DF00B6E1CA /* Release */,
			);
			defaultConfigurationIsVisible = 0;
			defaultConfigurationName = Release;
		};
		041623102446E2DF00B6E1CA /* Build configuration list for PBXNativeTarget "01-pthread" */ = {
			isa = XCConfigurationList;
			buildConfigurations = (
				041623112446E2DF00B6E1CA /* Debug */,
				041623122446E2DF00B6E1CA /* Release */,
			);
			defaultConfigurationIsVisible = 0;
			defaultConfigurationName = Release;
		};
		041623132446E2DF00B6E1CA /* Build configuration list for PBXNativeTarget "01-pthreadTests" */ = {
			isa = XCConfigurationList;
			buildConfigurations = (
				041623142446E2DF00B6E1CA /* Debug */,
				041623152446E2DF00B6E1CA /* Release */,
			);
			defaultConfigurationIsVisible = 0;
			defaultConfigurationName = Release;
		};
		041623162446E2DF00B6E1CA /* Build configuration list for PBXNativeTarget "01-pthreadUITests" */ = {
			isa = XCConfigurationList;
			buildConfigurations = (
				041623172446E2DF00B6E1CA /* Debug */,
				041623182446E2DF00B6E1CA /* Release */,
			);
			defaultConfigurationIsVisible = 0;
			defaultConfigurationName = Release;
		};
/* End XCConfigurationList section */
	};
	rootObject = 041622D92446E2D900B6E1CA /* Project object */;
}
