// !$*UTF8*$!
{
	archiveVersion = 1;
	classes = {
	};
	objectVersion = 50;
	objects = {

/* Begin PBXBuildFile section */
		C798CBB4223744250079EA71 /* AppDelegate.m in Sources */ = {isa = PBXBuildFile; fileRef = C798CBB3223744250079EA71 /* AppDelegate.m */; };
		C798CBB7223744250079EA71 /* ViewController.m in Sources */ = {isa = PBXBuildFile; fileRef = C798CBB6223744250079EA71 /* ViewController.m */; };
		C798CBBA223744250079EA71 /* Main.storyboard in Resources */ = {isa = PBXBuildFile; fileRef = C798CBB8223744250079EA71 /* Main.storyboard */; };
		C798CBBC223744250079EA71 /* Assets.xcassets in Resources */ = {isa = PBXBuildFile; fileRef = C798CBBB223744250079EA71 /* Assets.xcassets */; };
		C798CBBF223744250079EA71 /* LaunchScreen.storyboard in Resources */ = {isa = PBXBuildFile; fileRef = C798CBBD223744250079EA71 /* LaunchScreen.storyboard */; };
		C798CBC2223744250079EA71 /* main.m in Sources */ = {isa = PBXBuildFile; fileRef = C798CBC1223744250079EA71 /* main.m */; };
		C798CBCC223744250079EA71 /* _2_NSThreadTests.m in Sources */ = {isa = PBXBuildFile; fileRef = C798CBCB223744250079EA71 /* _2_NSThreadTests.m */; };
		C798CBD7223744250079EA71 /* _2_NSThreadUITests.m in Sources */ = {isa = PBXBuildFile; fileRef = C798CBD6223744250079EA71 /* _2_NSThreadUITests.m */; };
/* End PBXBuildFile section */

/* Begin PBXContainerItemProxy section */
		C798CBC8223744250079EA71 /* PBXContainerItemProxy */ = {
			isa = PBXContainerItemProxy;
			containerPortal = C798CBA7223744250079EA71 /* Project object */;
			proxyType = 1;
			remoteGlobalIDString = C798CBAE223744250079EA71;
			remoteInfo = "02-NSThread";
		};
		C798CBD3223744250079EA71 /* PBXContainerItemProxy */ = {
			isa = PBXContainerItemProxy;
			containerPortal = C798CBA7223744250079EA71 /* Project object */;
			proxyType = 1;
			remoteGlobalIDString = C798CBAE223744250079EA71;
			remoteInfo = "02-NSThread";
		};
/* End PBXContainerItemProxy section */

/* Begin PBXFileReference section */
		C798CBAF223744250079EA71 /* 02-NSThread.app */ = {isa = PBXFileReference; explicitFileType = wrapper.application; includeInIndex = 0; path = "02-NSThread.app"; sourceTree = BUILT_PRODUCTS_DIR; };
		C798CBB2223744250079EA71 /* AppDelegate.h */ = {isa = PBXFileReference; lastKnownFileType = sourcecode.c.h; path = AppDelegate.h; sourceTree = "<group>"; };
		C798CBB3223744250079EA71 /* AppDelegate.m */ = {isa = PBXFileReference; lastKnownFileType = sourcecode.c.objc; path = AppDelegate.m; sourceTree = "<group>"; };
		C798CBB5223744250079EA71 /* ViewController.h */ = {isa = PBXFileReference; lastKnownFileType = sourcecode.c.h; path = ViewController.h; sourceTree = "<group>"; };
		C798CBB6223744250079EA71 /* ViewController.m */ = {isa = PBXFileReference; lastKnownFileType = sourcecode.c.objc; path = ViewController.m; sourceTree = "<group>"; };
		C798CBB9223744250079EA71 /* Base */ = {isa = PBXFileReference; lastKnownFileType = file.storyboard; name = Base; path = Base.lproj/Main.storyboard; sourceTree = "<group>"; };
		C798CBBB223744250079EA71 /* Assets.xcassets */ = {isa = PBXFileReference; lastKnownFileType = folder.assetcatalog; path = Assets.xcassets; sourceTree = "<group>"; };
		C798CBBE223744250079EA71 /* Base */ = {isa = PBXFileReference; lastKnownFileType = file.storyboard; name = Base; path = Base.lproj/LaunchScreen.storyboard; sourceTree = "<group>"; };
		C798CBC0223744250079EA71 /* Info.plist */ = {isa = PBXFileReference; lastKnownFileType = text.plist.xml; path = Info.plist; sourceTree = "<group>"; };
		C798CBC1223744250079EA71 /* main.m */ = {isa = PBXFileReference; lastKnownFileType = sourcecode.c.objc; path = main.m; sourceTree = "<group>"; };
		C798CBC7223744250079EA71 /* 02-NSThreadTests.xctest */ = {isa = PBXFileReference; explicitFileType = wrapper.cfbundle; includeInIndex = 0; path = "02-NSThreadTests.xctest"; sourceTree = BUILT_PRODUCTS_DIR; };
		C798CBCB223744250079EA71 /* _2_NSThreadTests.m */ = {isa = PBXFileReference; lastKnownFileType = sourcecode.c.objc; path = _2_NSThreadTests.m; sourceTree = "<group>"; };
		C798CBCD223744250079EA71 /* Info.plist */ = {isa = PBXFileReference; lastKnownFileType = text.plist.xml; path = Info.plist; sourceTree = "<group>"; };
		C798CBD2223744250079EA71 /* 02-NSThreadUITests.xctest */ = {isa = PBXFileReference; explicitFileType = wrapper.cfbundle; includeInIndex = 0; path = "02-NSThreadUITests.xctest"; sourceTree = BUILT_PRODUCTS_DIR; };
		C798CBD6223744250079EA71 /* _2_NSThreadUITests.m */ = {isa = PBXFileReference; lastKnownFileType = sourcecode.c.objc; path = _2_NSThreadUITests.m; sourceTree = "<group>"; };
		C798CBD8223744250079EA71 /* Info.plist */ = {isa = PBXFileReference; lastKnownFileType = text.plist.xml; path = Info.plist; sourceTree = "<group>"; };
/* End PBXFileReference section */

/* Begin PBXFrameworksBuildPhase section */
		C798CBAC223744250079EA71 /* Frameworks */ = {
			isa = PBXFrameworksBuildPhase;
			buildActionMask = 2147483647;
			files = (
			);
			runOnlyForDeploymentPostprocessing = 0;
		};
		C798CBC4223744250079EA71 /* Frameworks */ = {
			isa = PBXFrameworksBuildPhase;
			buildActionMask = 2147483647;
			files = (
			);
			runOnlyForDeploymentPostprocessing = 0;
		};
		C798CBCF223744250079EA71 /* Frameworks */ = {
			isa = PBXFrameworksBuildPhase;
			buildActionMask = 2147483647;
			files = (
			);
			runOnlyForDeploymentPostprocessing = 0;
		};
/* End PBXFrameworksBuildPhase section */

/* Begin PBXGroup section */
		C798CBA6223744250079EA71 = {
			isa = PBXGroup;
			children = (
				C798CBB1223744250079EA71 /* 02-NSThread */,
				C798CBCA223744250079EA71 /* 02-NSThreadTests */,
				C798CBD5223744250079EA71 /* 02-NSThreadUITests */,
				C798CBB0223744250079EA71 /* Products */,
			);
			sourceTree = "<group>";
		};
		C798CBB0223744250079EA71 /* Products */ = {
			isa = PBXGroup;
			children = (
				C798CBAF223744250079EA71 /* 02-NSThread.app */,
				C798CBC7223744250079EA71 /* 02-NSThreadTests.xctest */,
				C798CBD2223744250079EA71 /* 02-NSThreadUITests.xctest */,
			);
			name = Products;
			sourceTree = "<group>";
		};
		C798CBB1223744250079EA71 /* 02-NSThread */ = {
			isa = PBXGroup;
			children = (
				C798CBB2223744250079EA71 /* AppDelegate.h */,
				C798CBB3223744250079EA71 /* AppDelegate.m */,
				C798CBB5223744250079EA71 /* ViewController.h */,
				C798CBB6223744250079EA71 /* ViewController.m */,
				C798CBB8223744250079EA71 /* Main.storyboard */,
				C798CBBB223744250079EA71 /* Assets.xcassets */,
				C798CBBD223744250079EA71 /* LaunchScreen.storyboard */,
				C798CBC0223744250079EA71 /* Info.plist */,
				C798CBC1223744250079EA71 /* main.m */,
			);
			path = "02-NSThread";
			sourceTree = "<group>";
		};
		C798CBCA223744250079EA71 /* 02-NSThreadTests */ = {
			isa = PBXGroup;
			children = (
				C798CBCB223744250079EA71 /* _2_NSThreadTests.m */,
				C798CBCD223744250079EA71 /* Info.plist */,
			);
			path = "02-NSThreadTests";
			sourceTree = "<group>";
		};
		C798CBD5223744250079EA71 /* 02-NSThreadUITests */ = {
			isa = PBXGroup;
			children = (
				C798CBD6223744250079EA71 /* _2_NSThreadUITests.m */,
				C798CBD8223744250079EA71 /* Info.plist */,
			);
			path = "02-NSThreadUITests";
			sourceTree = "<group>";
		};
/* End PBXGroup section */

/* Begin PBXNativeTarget section */
		C798CBAE223744250079EA71 /* 02-NSThread */ = {
			isa = PBXNativeTarget;
			buildConfigurationList = C798CBDB223744250079EA71 /* Build configuration list for PBXNativeTarget "02-NSThread" */;
			buildPhases = (
				C798CBAB223744250079EA71 /* Sources */,
				C798CBAC223744250079EA71 /* Frameworks */,
				C798CBAD223744250079EA71 /* Resources */,
			);
			buildRules = (
			);
			dependencies = (
			);
			name = "02-NSThread";
			productName = "02-NSThread";
			productReference = C798CBAF223744250079EA71 /* 02-NSThread.app */;
			productType = "com.apple.product-type.application";
		};
		C798CBC6223744250079EA71 /* 02-NSThreadTests */ = {
			isa = PBXNativeTarget;
			buildConfigurationList = C798CBDE223744250079EA71 /* Build configuration list for PBXNativeTarget "02-NSThreadTests" */;
			buildPhases = (
				C798CBC3223744250079EA71 /* Sources */,
				C798CBC4223744250079EA71 /* Frameworks */,
				C798CBC5223744250079EA71 /* Resources */,
			);
			buildRules = (
			);
			dependencies = (
				C798CBC9223744250079EA71 /* PBXTargetDependency */,
			);
			name = "02-NSThreadTests";
			productName = "02-NSThreadTests";
			productReference = C798CBC7223744250079EA71 /* 02-NSThreadTests.xctest */;
			productType = "com.apple.product-type.bundle.unit-test";
		};
		C798CBD1223744250079EA71 /* 02-NSThreadUITests */ = {
			isa = PBXNativeTarget;
			buildConfigurationList = C798CBE1223744250079EA71 /* Build configuration list for PBXNativeTarget "02-NSThreadUITests" */;
			buildPhases = (
				C798CBCE223744250079EA71 /* Sources */,
				C798CBCF223744250079EA71 /* Frameworks */,
				C798CBD0223744250079EA71 /* Resources */,
			);
			buildRules = (
			);
			dependencies = (
				C798CBD4223744250079EA71 /* PBXTargetDependency */,
			);
			name = "02-NSThreadUITests";
			productName = "02-NSThreadUITests";
			productReference = C798CBD2223744250079EA71 /* 02-NSThreadUITests.xctest */;
			productType = "com.apple.product-type.bundle.ui-testing";
		};
/* End PBXNativeTarget section */

/* Begin PBXProject section */
		C798CBA7223744250079EA71 /* Project object */ = {
			isa = PBXProject;
			attributes = {
				LastUpgradeCheck = 1010;
				ORGANIZATIONNAME = "李正林";
				TargetAttributes = {
					C798CBAE223744250079EA71 = {
						CreatedOnToolsVersion = 10.1;
					};
					C798CBC6223744250079EA71 = {
						CreatedOnToolsVersion = 10.1;
						TestTargetID = C798CBAE223744250079EA71;
					};
					C798CBD1223744250079EA71 = {
						CreatedOnToolsVersion = 10.1;
						TestTargetID = C798CBAE223744250079EA71;
					};
				};
			};
			buildConfigurationList = C798CBAA223744250079EA71 /* Build configuration list for PBXProject "02-NSThread" */;
			compatibilityVersion = "Xcode 9.3";
			developmentRegion = en;
			hasScannedForEncodings = 0;
			knownRegions = (
				en,
				Base,
			);
			mainGroup = C798CBA6223744250079EA71;
			productRefGroup = C798CBB0223744250079EA71 /* Products */;
			projectDirPath = "";
			projectRoot = "";
			targets = (
				C798CBAE223744250079EA71 /* 02-NSThread */,
				C798CBC6223744250079EA71 /* 02-NSThreadTests */,
				C798CBD1223744250079EA71 /* 02-NSThreadUITests */,
			);
		};
/* End PBXProject section */

/* Begin PBXResourcesBuildPhase section */
		C798CBAD223744250079EA71 /* Resources */ = {
			isa = PBXResourcesBuildPhase;
			buildActionMask = 2147483647;
			files = (
				C798CBBF223744250079EA71 /* LaunchScreen.storyboard in Resources */,
				C798CBBC223744250079EA71 /* Assets.xcassets in Resources */,
				C798CBBA223744250079EA71 /* Main.storyboard in Resources */,
			);
			runOnlyForDeploymentPostprocessing = 0;
		};
		C798CBC5223744250079EA71 /* Resources */ = {
			isa = PBXResourcesBuildPhase;
			buildActionMask = 2147483647;
			files = (
			);
			runOnlyForDeploymentPostprocessing = 0;
		};
		C798CBD0223744250079EA71 /* Resources */ = {
			isa = PBXResourcesBuildPhase;
			buildActionMask = 2147483647;
			files = (
			);
			runOnlyForDeploymentPostprocessing = 0;
		};
/* End PBXResourcesBuildPhase section */

/* Begin PBXSourcesBuildPhase section */
		C798CBAB223744250079EA71 /* Sources */ = {
			isa = PBXSourcesBuildPhase;
			buildActionMask = 2147483647;
			files = (
				C798CBB7223744250079EA71 /* ViewController.m in Sources */,
				C798CBC2223744250079EA71 /* main.m in Sources */,
				C798CBB4223744250079EA71 /* AppDelegate.m in Sources */,
			);
			runOnlyForDeploymentPostprocessing = 0;
		};
		C798CBC3223744250079EA71 /* Sources */ = {
			isa = PBXSourcesBuildPhase;
			buildActionMask = 2147483647;
			files = (
				C798CBCC223744250079EA71 /* _2_NSThreadTests.m in Sources */,
			);
			runOnlyForDeploymentPostprocessing = 0;
		};
		C798CBCE223744250079EA71 /* Sources */ = {
			isa = PBXSourcesBuildPhase;
			buildActionMask = 2147483647;
			files = (
				C798CBD7223744250079EA71 /* _2_NSThreadUITests.m in Sources */,
			);
			runOnlyForDeploymentPostprocessing = 0;
		};
/* End PBXSourcesBuildPhase section */

/* Begin PBXTargetDependency section */
		C798CBC9223744250079EA71 /* PBXTargetDependency */ = {
			isa = PBXTargetDependency;
			target = C798CBAE223744250079EA71 /* 02-NSThread */;
			targetProxy = C798CBC8223744250079EA71 /* PBXContainerItemProxy */;
		};
		C798CBD4223744250079EA71 /* PBXTargetDependency */ = {
			isa = PBXTargetDependency;
			target = C798CBAE223744250079EA71 /* 02-NSThread */;
			targetProxy = C798CBD3223744250079EA71 /* PBXContainerItemProxy */;
		};
/* End PBXTargetDependency section */

/* Begin PBXVariantGroup section */
		C798CBB8223744250079EA71 /* Main.storyboard */ = {
			isa = PBXVariantGroup;
			children = (
				C798CBB9223744250079EA71 /* Base */,
			);
			name = Main.storyboard;
			sourceTree = "<group>";
		};
		C798CBBD223744250079EA71 /* LaunchScreen.storyboard */ = {
			isa = PBXVariantGroup;
			children = (
				C798CBBE223744250079EA71 /* Base */,
			);
			name = LaunchScreen.storyboard;
			sourceTree = "<group>";
		};
/* End PBXVariantGroup section */

/* Begin XCBuildConfiguration section */
		C798CBD9223744250079EA71 /* Debug */ = {
			isa = XCBuildConfiguration;
			buildSettings = {
				ALWAYS_SEARCH_USER_PATHS = NO;
				CLANG_ANALYZER_NONNULL = YES;
				CLANG_ANALYZER_NUMBER_OBJECT_CONVERSION = YES_AGGRESSIVE;
				CLANG_CXX_LANGUAGE_STANDARD = "gnu++14";
				CLANG_CXX_LIBRARY = "libc++";
				CLANG_ENABLE_MODULES = YES;
				CLANG_ENABLE_OBJC_ARC = YES;
				CLANG_ENABLE_OBJC_WEAK = YES;
				CLANG_WARN_BLOCK_CAPTURE_AUTORELEASING = YES;
				CLANG_WARN_BOOL_CONVERSION = YES;
				CLANG_WARN_COMMA = YES;
				CLANG_WARN_CONSTANT_CONVERSION = YES;
				CLANG_WARN_DEPRECATED_OBJC_IMPLEMENTATIONS = YES;
				CLANG_WARN_DIRECT_OBJC_ISA_USAGE = YES_ERROR;
				CLANG_WARN_DOCUMENTATION_COMMENTS = YES;
				CLANG_WARN_EMPTY_BODY = YES;
				CLANG_WARN_ENUM_CONVERSION = YES;
				CLANG_WARN_INFINITE_RECURSION = YES;
				CLANG_WARN_INT_CONVERSION = YES;
				CLANG_WARN_NON_LITERAL_NULL_CONVERSION = YES;
				CLANG_WARN_OBJC_IMPLICIT_RETAIN_SELF = YES;
				CLANG_WARN_OBJC_LITERAL_CONVERSION = YES;
				CLANG_WARN_OBJC_ROOT_CLASS = YES_ERROR;
				CLANG_WARN_RANGE_LOOP_ANALYSIS = YES;
				CLANG_WARN_STRICT_PROTOTYPES = YES;
				CLANG_WARN_SUSPICIOUS_MOVE = YES;
				CLANG_WARN_UNGUARDED_AVAILABILITY = YES_AGGRESSIVE;
				CLANG_WARN_UNREACHABLE_CODE = YES;
				CLANG_WARN__DUPLICATE_METHOD_MATCH = YES;
				CODE_SIGN_IDENTITY = "iPhone Developer";
				COPY_PHASE_STRIP = NO;
				DEBUG_INFORMATION_FORMAT = dwarf;
				ENABLE_STRICT_OBJC_MSGSEND = YES;
				ENABLE_TESTABILITY = YES;
				GCC_C_LANGUAGE_STANDARD = gnu11;
				GCC_DYNAMIC_NO_PIC = NO;
				GCC_NO_COMMON_BLOCKS = YES;
				GCC_OPTIMIZATION_LEVEL = 0;
				GCC_PREPROCESSOR_DEFINITIONS = (
					"DEBUG=1",
					"$(inherited)",
				);
				GCC_WARN_64_TO_32_BIT_CONVERSION = YES;
				GCC_WARN_ABOUT_RETURN_TYPE = YES_ERROR;
				GCC_WARN_UNDECLARED_SELECTOR = YES;
				GCC_WARN_UNINITIALIZED_AUTOS = YES_AGGRESSIVE;
				GCC_WARN_UNUSED_FUNCTION = YES;
				GCC_WARN_UNUSED_VARIABLE = YES;
				IPHONEOS_DEPLOYMENT_TARGET = 12.1;
				MTL_ENABLE_DEBUG_INFO = INCLUDE_SOURCE;
				MTL_FAST_MATH = YES;
				ONLY_ACTIVE_ARCH = YES;
				SDKROOT = iphoneos;
			};
			name = Debug;
		};
		C798CBDA223744250079EA71 /* Release */ = {
			isa = XCBuildConfiguration;
			buildSettings = {
				ALWAYS_SEARCH_USER_PATHS = NO;
				CLANG_ANALYZER_NONNULL = YES;
				CLANG_ANALYZER_NUMBER_OBJECT_CONVERSION = YES_AGGRESSIVE;
				CLANG_CXX_LANGUAGE_STANDARD = "gnu++14";
				CLANG_CXX_LIBRARY = "libc++";
				CLANG_ENABLE_MODULES = YES;
				CLANG_ENABLE_OBJC_ARC = YES;
				CLANG_ENABLE_OBJC_WEAK = YES;
				CLANG_WARN_BLOCK_CAPTURE_AUTORELEASING = YES;
				CLANG_WARN_BOOL_CONVERSION = YES;
				CLANG_WARN_COMMA = YES;
				CLANG_WARN_CONSTANT_CONVERSION = YES;
				CLANG_WARN_DEPRECATED_OBJC_IMPLEMENTATIONS = YES;
				CLANG_WARN_DIRECT_OBJC_ISA_USAGE = YES_ERROR;
				CLANG_WARN_DOCUMENTATION_COMMENTS = YES;
				CLANG_WARN_EMPTY_BODY = YES;
				CLANG_WARN_ENUM_CONVERSION = YES;
				CLANG_WARN_INFINITE_RECURSION = YES;
				CLANG_WARN_INT_CONVERSION = YES;
				CLANG_WARN_NON_LITERAL_NULL_CONVERSION = YES;
				CLANG_WARN_OBJC_IMPLICIT_RETAIN_SELF = YES;
				CLANG_WARN_OBJC_LITERAL_CONVERSION = YES;
				CLANG_WARN_OBJC_ROOT_CLASS = YES_ERROR;
				CLANG_WARN_RANGE_LOOP_ANALYSIS = YES;
				CLANG_WARN_STRICT_PROTOTYPES = YES;
				CLANG_WARN_SUSPICIOUS_MOVE = YES;
				CLANG_WARN_UNGUARDED_AVAILABILITY = YES_AGGRESSIVE;
				CLANG_WARN_UNREACHABLE_CODE = YES;
				CLANG_WARN__DUPLICATE_METHOD_MATCH = YES;
				CODE_SIGN_IDENTITY = "iPhone Developer";
				COPY_PHASE_STRIP = NO;
				DEBUG_INFORMATION_FORMAT = "dwarf-with-dsym";
				ENABLE_NS_ASSERTIONS = NO;
				ENABLE_STRICT_OBJC_MSGSEND = YES;
				GCC_C_LANGUAGE_STANDARD = gnu11;
				GCC_NO_COMMON_BLOCKS = YES;
				GCC_WARN_64_TO_32_BIT_CONVERSION = YES;
				GCC_WARN_ABOUT_RETURN_TYPE = YES_ERROR;
				GCC_WARN_UNDECLARED_SELECTOR = YES;
				GCC_WARN_UNINITIALIZED_AUTOS = YES_AGGRESSIVE;
				GCC_WARN_UNUSED_FUNCTION = YES;
				GCC_WARN_UNUSED_VARIABLE = YES;
				IPHONEOS_DEPLOYMENT_TARGET = 12.1;
				MTL_ENABLE_DEBUG_INFO = NO;
				MTL_FAST_MATH = YES;
				SDKROOT = iphoneos;
				VALIDATE_PRODUCT = YES;
			};
			name = Release;
		};
		C798CBDC223744250079EA71 /* Debug */ = {
			isa = XCBuildConfiguration;
			buildSettings = {
				ASSETCATALOG_COMPILER_APPICON_NAME = AppIcon;
				CODE_SIGN_STYLE = Automatic;
				DEVELOPMENT_TEAM = 883YY8GPM9;
				INFOPLIST_FILE = "02-NSThread/Info.plist";
				LD_RUNPATH_SEARCH_PATHS = (
					"$(inherited)",
					"@executable_path/Frameworks",
				);
				PRODUCT_BUNDLE_IDENTIFIER = "ai.bell.BeboLive.-2-NSThread";
				PRODUCT_NAME = "$(TARGET_NAME)";
				TARGETED_DEVICE_FAMILY = "1,2";
			};
			name = Debug;
		};
		C798CBDD223744250079EA71 /* Release */ = {
			isa = XCBuildConfiguration;
			buildSettings = {
				ASSETCATALOG_COMPILER_APPICON_NAME = AppIcon;
				CODE_SIGN_STYLE = Automatic;
				DEVELOPMENT_TEAM = 883YY8GPM9;
				INFOPLIST_FILE = "02-NSThread/Info.plist";
				LD_RUNPATH_SEARCH_PATHS = (
					"$(inherited)",
					"@executable_path/Frameworks",
				);
				PRODUCT_BUNDLE_IDENTIFIER = "ai.bell.BeboLive.-2-NSThread";
				PRODUCT_NAME = "$(TARGET_NAME)";
				TARGETED_DEVICE_FAMILY = "1,2";
			};
			name = Release;
		};
		C798CBDF223744250079EA71 /* Debug */ = {
			isa = XCBuildConfiguration;
			buildSettings = {
				BUNDLE_LOADER = "$(TEST_HOST)";
				CODE_SIGN_STYLE = Automatic;
				DEVELOPMENT_TEAM = 883YY8GPM9;
				INFOPLIST_FILE = "02-NSThreadTests/Info.plist";
				LD_RUNPATH_SEARCH_PATHS = (
					"$(inherited)",
					"@executable_path/Frameworks",
					"@loader_path/Frameworks",
				);
				PRODUCT_BUNDLE_IDENTIFIER = "ai.bell.BeboLive.-2-NSThreadTests";
				PRODUCT_NAME = "$(TARGET_NAME)";
				TARGETED_DEVICE_FAMILY = "1,2";
				TEST_HOST = "$(BUILT_PRODUCTS_DIR)/02-NSThread.app/02-NSThread";
			};
			name = Debug;
		};
		C798CBE0223744250079EA71 /* Release */ = {
			isa = XCBuildConfiguration;
			buildSettings = {
				BUNDLE_LOADER = "$(TEST_HOST)";
				CODE_SIGN_STYLE = Automatic;
				DEVELOPMENT_TEAM = 883YY8GPM9;
				INFOPLIST_FILE = "02-NSThreadTests/Info.plist";
				LD_RUNPATH_SEARCH_PATHS = (
					"$(inherited)",
					"@executable_path/Frameworks",
					"@loader_path/Frameworks",
				);
				PRODUCT_BUNDLE_IDENTIFIER = "ai.bell.BeboLive.-2-NSThreadTests";
				PRODUCT_NAME = "$(TARGET_NAME)";
				TARGETED_DEVICE_FAMILY = "1,2";
				TEST_HOST = "$(BUILT_PRODUCTS_DIR)/02-NSThread.app/02-NSThread";
			};
			name = Release;
		};
		C798CBE2223744250079EA71 /* Debug */ = {
			isa = XCBuildConfiguration;
			buildSettings = {
				CODE_SIGN_STYLE = Automatic;
				DEVELOPMENT_TEAM = 883YY8GPM9;
				INFOPLIST_FILE = "02-NSThreadUITests/Info.plist";
				LD_RUNPATH_SEARCH_PATHS = (
					"$(inherited)",
					"@executable_path/Frameworks",
					"@loader_path/Frameworks",
				);
				PRODUCT_BUNDLE_IDENTIFIER = "ai.bell.BeboLive.-2-NSThreadUITests";
				PRODUCT_NAME = "$(TARGET_NAME)";
				TARGETED_DEVICE_FAMILY = "1,2";
				TEST_TARGET_NAME = "02-NSThread";
			};
			name = Debug;
		};
		C798CBE3223744250079EA71 /* Release */ = {
			isa = XCBuildConfiguration;
			buildSettings = {
				CODE_SIGN_STYLE = Automatic;
				DEVELOPMENT_TEAM = 883YY8GPM9;
				INFOPLIST_FILE = "02-NSThreadUITests/Info.plist";
				LD_RUNPATH_SEARCH_PATHS = (
					"$(inherited)",
					"@executable_path/Frameworks",
					"@loader_path/Frameworks",
				);
				PRODUCT_BUNDLE_IDENTIFIER = "ai.bell.BeboLive.-2-NSThreadUITests";
				PRODUCT_NAME = "$(TARGET_NAME)";
				TARGETED_DEVICE_FAMILY = "1,2";
				TEST_TARGET_NAME = "02-NSThread";
			};
			name = Release;
		};
/* End XCBuildConfiguration section */

/* Begin XCConfigurationList section */
		C798CBAA223744250079EA71 /* Build configuration list for PBXProject "02-NSThread" */ = {
			isa = XCConfigurationList;
			buildConfigurations = (
				C798CBD9223744250079EA71 /* Debug */,
				C798CBDA223744250079EA71 /* Release */,
			);
			defaultConfigurationIsVisible = 0;
			defaultConfigurationName = Release;
		};
		C798CBDB223744250079EA71 /* Build configuration list for PBXNativeTarget "02-NSThread" */ = {
			isa = XCConfigurationList;
			buildConfigurations = (
				C798CBDC223744250079EA71 /* Debug */,
				C798CBDD223744250079EA71 /* Release */,
			);
			defaultConfigurationIsVisible = 0;
			defaultConfigurationName = Release;
		};
		C798CBDE223744250079EA71 /* Build configuration list for PBXNativeTarget "02-NSThreadTests" */ = {
			isa = XCConfigurationList;
			buildConfigurations = (
				C798CBDF223744250079EA71 /* Debug */,
				C798CBE0223744250079EA71 /* Release */,
			);
			defaultConfigurationIsVisible = 0;
			defaultConfigurationName = Release;
		};
		C798CBE1223744250079EA71 /* Build configuration list for PBXNativeTarget "02-NSThreadUITests" */ = {
			isa = XCConfigurationList;
			buildConfigurations = (
				C798CBE2223744250079EA71 /* Debug */,
				C798CBE3223744250079EA71 /* Release */,
			);
			defaultConfigurationIsVisible = 0;
			defaultConfigurationName = Release;
		};
/* End XCConfigurationList section */
	};
	rootObject = C798CBA7223744250079EA71 /* Project object */;
}
