// !$*UTF8*$!
{
	archiveVersion = 1;
	classes = {
	};
	objectVersion = 50;
	objects = {

/* Begin PBXBuildFile section */
		041623682446E82700B6E1CA /* AppDelegate.m in Sources */ = {isa = PBXBuildFile; fileRef = 041623672446E82700B6E1CA /* AppDelegate.m */; };
		0416236B2446E82700B6E1CA /* SceneDelegate.m in Sources */ = {isa = PBXBuildFile; fileRef = 0416236A2446E82700B6E1CA /* SceneDelegate.m */; };
		0416236E2446E82700B6E1CA /* ViewController.m in Sources */ = {isa = PBXBuildFile; fileRef = 0416236D2446E82700B6E1CA /* ViewController.m */; };
		041623712446E82700B6E1CA /* Main.storyboard in Resources */ = {isa = PBXBuildFile; fileRef = 0416236F2446E82700B6E1CA /* Main.storyboard */; };
		041623732446E82900B6E1CA /* Assets.xcassets in Resources */ = {isa = PBXBuildFile; fileRef = 041623722446E82900B6E1CA /* Assets.xcassets */; };
		041623762446E82900B6E1CA /* LaunchScreen.storyboard in Resources */ = {isa = PBXBuildFile; fileRef = 041623742446E82900B6E1CA /* LaunchScreen.storyboard */; };
		041623792446E82900B6E1CA /* main.m in Sources */ = {isa = PBXBuildFile; fileRef = 041623782446E82900B6E1CA /* main.m */; };
		041623832446E82900B6E1CA /* _3_GCDTests.m in Sources */ = {isa = PBXBuildFile; fileRef = 041623822446E82900B6E1CA /* _3_GCDTests.m */; };
		0416238E2446E82900B6E1CA /* _3_GCDUITests.m in Sources */ = {isa = PBXBuildFile; fileRef = 0416238D2446E82900B6E1CA /* _3_GCDUITests.m */; };
/* End PBXBuildFile section */

/* Begin PBXContainerItemProxy section */
		0416237F2446E82900B6E1CA /* PBXContainerItemProxy */ = {
			isa = PBXContainerItemProxy;
			containerPortal = 0416235B2446E82700B6E1CA /* Project object */;
			proxyType = 1;
			remoteGlobalIDString = 041623622446E82700B6E1CA;
			remoteInfo = "03-GCD";
		};
		0416238A2446E82900B6E1CA /* PBXContainerItemProxy */ = {
			isa = PBXContainerItemProxy;
			containerPortal = 0416235B2446E82700B6E1CA /* Project object */;
			proxyType = 1;
			remoteGlobalIDString = 041623622446E82700B6E1CA;
			remoteInfo = "03-GCD";
		};
/* End PBXContainerItemProxy section */

/* Begin PBXFileReference section */
		041623632446E82700B6E1CA /* 03-GCD.app */ = {isa = PBXFileReference; explicitFileType = wrapper.application; includeInIndex = 0; path = "03-GCD.app"; sourceTree = BUILT_PRODUCTS_DIR; };
		041623662446E82700B6E1CA /* AppDelegate.h */ = {isa = PBXFileReference; lastKnownFileType = sourcecode.c.h; path = AppDelegate.h; sourceTree = "<group>"; };
		041623672446E82700B6E1CA /* AppDelegate.m */ = {isa = PBXFileReference; lastKnownFileType = sourcecode.c.objc; path = AppDelegate.m; sourceTree = "<group>"; };
		041623692446E82700B6E1CA /* SceneDelegate.h */ = {isa = PBXFileReference; lastKnownFileType = sourcecode.c.h; path = SceneDelegate.h; sourceTree = "<group>"; };
		0416236A2446E82700B6E1CA /* SceneDelegate.m */ = {isa = PBXFileReference; lastKnownFileType = sourcecode.c.objc; path = SceneDelegate.m; sourceTree = "<group>"; };
		0416236C2446E82700B6E1CA /* ViewController.h */ = {isa = PBXFileReference; lastKnownFileType = sourcecode.c.h; path = ViewController.h; sourceTree = "<group>"; };
		0416236D2446E82700B6E1CA /* ViewController.m */ = {isa = PBXFileReference; lastKnownFileType = sourcecode.c.objc; path = ViewController.m; sourceTree = "<group>"; };
		041623702446E82700B6E1CA /* Base */ = {isa = PBXFileReference; lastKnownFileType = file.storyboard; name = Base; path = Base.lproj/Main.storyboard; sourceTree = "<group>"; };
		041623722446E82900B6E1CA /* Assets.xcassets */ = {isa = PBXFileReference; lastKnownFileType = folder.assetcatalog; path = Assets.xcassets; sourceTree = "<group>"; };
		041623752446E82900B6E1CA /* Base */ = {isa = PBXFileReference; lastKnownFileType = file.storyboard; name = Base; path = Base.lproj/LaunchScreen.storyboard; sourceTree = "<group>"; };
		041623772446E82900B6E1CA /* Info.plist */ = {isa = PBXFileReference; lastKnownFileType = text.plist.xml; path = Info.plist; sourceTree = "<group>"; };
		041623782446E82900B6E1CA /* main.m */ = {isa = PBXFileReference; lastKnownFileType = sourcecode.c.objc; path = main.m; sourceTree = "<group>"; };
		0416237E2446E82900B6E1CA /* 03-GCDTests.xctest */ = {isa = PBXFileReference; explicitFileType = wrapper.cfbundle; includeInIndex = 0; path = "03-GCDTests.xctest"; sourceTree = BUILT_PRODUCTS_DIR; };
		041623822446E82900B6E1CA /* _3_GCDTests.m */ = {isa = PBXFileReference; lastKnownFileType = sourcecode.c.objc; path = _3_GCDTests.m; sourceTree = "<group>"; };
		041623842446E82900B6E1CA /* Info.plist */ = {isa = PBXFileReference; lastKnownFileType = text.plist.xml; path = Info.plist; sourceTree = "<group>"; };
		041623892446E82900B6E1CA /* 03-GCDUITests.xctest */ = {isa = PBXFileReference; explicitFileType = wrapper.cfbundle; includeInIndex = 0; path = "03-GCDUITests.xctest"; sourceTree = BUILT_PRODUCTS_DIR; };
		0416238D2446E82900B6E1CA /* _3_GCDUITests.m */ = {isa = PBXFileReference; lastKnownFileType = sourcecode.c.objc; path = _3_GCDUITests.m; sourceTree = "<group>"; };
		0416238F2446E82900B6E1CA /* Info.plist */ = {isa = PBXFileReference; lastKnownFileType = text.plist.xml; path = Info.plist; sourceTree = "<group>"; };
/* End PBXFileReference section */

/* Begin PBXFrameworksBuildPhase section */
		041623602446E82700B6E1CA /* Frameworks */ = {
			isa = PBXFrameworksBuildPhase;
			buildActionMask = 2147483647;
			files = (
			);
			runOnlyForDeploymentPostprocessing = 0;
		};
		0416237B2446E82900B6E1CA /* Frameworks */ = {
			isa = PBXFrameworksBuildPhase;
			buildActionMask = 2147483647;
			files = (
			);
			runOnlyForDeploymentPostprocessing = 0;
		};
		041623862446E82900B6E1CA /* Frameworks */ = {
			isa = PBXFrameworksBuildPhase;
			buildActionMask = 2147483647;
			files = (
			);
			runOnlyForDeploymentPostprocessing = 0;
		};
/* End PBXFrameworksBuildPhase section */

/* Begin PBXGroup section */
		0416235A2446E82700B6E1CA = {
			isa = PBXGroup;
			children = (
				041623652446E82700B6E1CA /* 03-GCD */,
				041623812446E82900B6E1CA /* 03-GCDTests */,
				0416238C2446E82900B6E1CA /* 03-GCDUITests */,
				041623642446E82700B6E1CA /* Products */,
			);
			sourceTree = "<group>";
		};
		041623642446E82700B6E1CA /* Products */ = {
			isa = PBXGroup;
			children = (
				041623632446E82700B6E1CA /* 03-GCD.app */,
				0416237E2446E82900B6E1CA /* 03-GCDTests.xctest */,
				041623892446E82900B6E1CA /* 03-GCDUITests.xctest */,
			);
			name = Products;
			sourceTree = "<group>";
		};
		041623652446E82700B6E1CA /* 03-GCD */ = {
			isa = PBXGroup;
			children = (
				041623662446E82700B6E1CA /* AppDelegate.h */,
				041623672446E82700B6E1CA /* AppDelegate.m */,
				041623692446E82700B6E1CA /* SceneDelegate.h */,
				0416236A2446E82700B6E1CA /* SceneDelegate.m */,
				0416236C2446E82700B6E1CA /* ViewController.h */,
				0416236D2446E82700B6E1CA /* ViewController.m */,
				0416236F2446E82700B6E1CA /* Main.storyboard */,
				041623722446E82900B6E1CA /* Assets.xcassets */,
				041623742446E82900B6E1CA /* LaunchScreen.storyboard */,
				041623772446E82900B6E1CA /* Info.plist */,
				041623782446E82900B6E1CA /* main.m */,
			);
			path = "03-GCD";
			sourceTree = "<group>";
		};
		041623812446E82900B6E1CA /* 03-GCDTests */ = {
			isa = PBXGroup;
			children = (
				041623822446E82900B6E1CA /* _3_GCDTests.m */,
				041623842446E82900B6E1CA /* Info.plist */,
			);
			path = "03-GCDTests";
			sourceTree = "<group>";
		};
		0416238C2446E82900B6E1CA /* 03-GCDUITests */ = {
			isa = PBXGroup;
			children = (
				0416238D2446E82900B6E1CA /* _3_GCDUITests.m */,
				0416238F2446E82900B6E1CA /* Info.plist */,
			);
			path = "03-GCDUITests";
			sourceTree = "<group>";
		};
/* End PBXGroup section */

/* Begin PBXNativeTarget section */
		041623622446E82700B6E1CA /* 03-GCD */ = {
			isa = PBXNativeTarget;
			buildConfigurationList = 041623922446E82900B6E1CA /* Build configuration list for PBXNativeTarget "03-GCD" */;
			buildPhases = (
				0416235F2446E82700B6E1CA /* Sources */,
				041623602446E82700B6E1CA /* Frameworks */,
				041623612446E82700B6E1CA /* Resources */,
			);
			buildRules = (
			);
			dependencies = (
			);
			name = "03-GCD";
			productName = "03-GCD";
			productReference = 041623632446E82700B6E1CA /* 03-GCD.app */;
			productType = "com.apple.product-type.application";
		};
		0416237D2446E82900B6E1CA /* 03-GCDTests */ = {
			isa = PBXNativeTarget;
			buildConfigurationList = 041623952446E82900B6E1CA /* Build configuration list for PBXNativeTarget "03-GCDTests" */;
			buildPhases = (
				0416237A2446E82900B6E1CA /* Sources */,
				0416237B2446E82900B6E1CA /* Frameworks */,
				0416237C2446E82900B6E1CA /* Resources */,
			);
			buildRules = (
			);
			dependencies = (
				041623802446E82900B6E1CA /* PBXTargetDependency */,
			);
			name = "03-GCDTests";
			productName = "03-GCDTests";
			productReference = 0416237E2446E82900B6E1CA /* 03-GCDTests.xctest */;
			productType = "com.apple.product-type.bundle.unit-test";
		};
		041623882446E82900B6E1CA /* 03-GCDUITests */ = {
			isa = PBXNativeTarget;
			buildConfigurationList = 041623982446E82900B6E1CA /* Build configuration list for PBXNativeTarget "03-GCDUITests" */;
			buildPhases = (
				041623852446E82900B6E1CA /* Sources */,
				041623862446E82900B6E1CA /* Frameworks */,
				041623872446E82900B6E1CA /* Resources */,
			);
			buildRules = (
			);
			dependencies = (
				0416238B2446E82900B6E1CA /* PBXTargetDependency */,
			);
			name = "03-GCDUITests";
			productName = "03-GCDUITests";
			productReference = 041623892446E82900B6E1CA /* 03-GCDUITests.xctest */;
			productType = "com.apple.product-type.bundle.ui-testing";
		};
/* End PBXNativeTarget section */

/* Begin PBXProject section */
		0416235B2446E82700B6E1CA /* Project object */ = {
			isa = PBXProject;
			attributes = {
				LastUpgradeCheck = 1140;
				ORGANIZATIONNAME = Mac;
				TargetAttributes = {
					041623622446E82700B6E1CA = {
						CreatedOnToolsVersion = 11.4;
					};
					0416237D2446E82900B6E1CA = {
						CreatedOnToolsVersion = 11.4;
						TestTargetID = 041623622446E82700B6E1CA;
					};
					041623882446E82900B6E1CA = {
						CreatedOnToolsVersion = 11.4;
						TestTargetID = 041623622446E82700B6E1CA;
					};
				};
			};
			buildConfigurationList = 0416235E2446E82700B6E1CA /* Build configuration list for PBXProject "03-GCD" */;
			compatibilityVersion = "Xcode 9.3";
			developmentRegion = en;
			hasScannedForEncodings = 0;
			knownRegions = (
				en,
				Base,
			);
			mainGroup = 0416235A2446E82700B6E1CA;
			productRefGroup = 041623642446E82700B6E1CA /* Products */;
			projectDirPath = "";
			projectRoot = "";
			targets = (
				041623622446E82700B6E1CA /* 03-GCD */,
				0416237D2446E82900B6E1CA /* 03-GCDTests */,
				041623882446E82900B6E1CA /* 03-GCDUITests */,
			);
		};
/* End PBXProject section */

/* Begin PBXResourcesBuildPhase section */
		041623612446E82700B6E1CA /* Resources */ = {
			isa = PBXResourcesBuildPhase;
			buildActionMask = 2147483647;
			files = (
				041623762446E82900B6E1CA /* LaunchScreen.storyboard in Resources */,
				041623732446E82900B6E1CA /* Assets.xcassets in Resources */,
				041623712446E82700B6E1CA /* Main.storyboard in Resources */,
			);
			runOnlyForDeploymentPostprocessing = 0;
		};
		0416237C2446E82900B6E1CA /* Resources */ = {
			isa = PBXResourcesBuildPhase;
			buildActionMask = 2147483647;
			files = (
			);
			runOnlyForDeploymentPostprocessing = 0;
		};
		041623872446E82900B6E1CA /* Resources */ = {
			isa = PBXResourcesBuildPhase;
			buildActionMask = 2147483647;
			files = (
			);
			runOnlyForDeploymentPostprocessing = 0;
		};
/* End PBXResourcesBuildPhase section */

/* Begin PBXSourcesBuildPhase section */
		0416235F2446E82700B6E1CA /* Sources */ = {
			isa = PBXSourcesBuildPhase;
			buildActionMask = 2147483647;
			files = (
				0416236E2446E82700B6E1CA /* ViewController.m in Sources */,
				041623682446E82700B6E1CA /* AppDelegate.m in Sources */,
				041623792446E82900B6E1CA /* main.m in Sources */,
				0416236B2446E82700B6E1CA /* SceneDelegate.m in Sources */,
			);
			runOnlyForDeploymentPostprocessing = 0;
		};
		0416237A2446E82900B6E1CA /* Sources */ = {
			isa = PBXSourcesBuildPhase;
			buildActionMask = 2147483647;
			files = (
				041623832446E82900B6E1CA /* _3_GCDTests.m in Sources */,
			);
			runOnlyForDeploymentPostprocessing = 0;
		};
		041623852446E82900B6E1CA /* Sources */ = {
			isa = PBXSourcesBuildPhase;
			buildActionMask = 2147483647;
			files = (
				0416238E2446E82900B6E1CA /* _3_GCDUITests.m in Sources */,
			);
			runOnlyForDeploymentPostprocessing = 0;
		};
/* End PBXSourcesBuildPhase section */

/* Begin PBXTargetDependency section */
		041623802446E82900B6E1CA /* PBXTargetDependency */ = {
			isa = PBXTargetDependency;
			target = 041623622446E82700B6E1CA /* 03-GCD */;
			targetProxy = 0416237F2446E82900B6E1CA /* PBXContainerItemProxy */;
		};
		0416238B2446E82900B6E1CA /* PBXTargetDependency */ = {
			isa = PBXTargetDependency;
			target = 041623622446E82700B6E1CA /* 03-GCD */;
			targetProxy = 0416238A2446E82900B6E1CA /* PBXContainerItemProxy */;
		};
/* End PBXTargetDependency section */

/* Begin PBXVariantGroup section */
		0416236F2446E82700B6E1CA /* Main.storyboard */ = {
			isa = PBXVariantGroup;
			children = (
				041623702446E82700B6E1CA /* Base */,
			);
			name = Main.storyboard;
			sourceTree = "<group>";
		};
		041623742446E82900B6E1CA /* LaunchScreen.storyboard */ = {
			isa = PBXVariantGroup;
			children = (
				041623752446E82900B6E1CA /* Base */,
			);
			name = LaunchScreen.storyboard;
			sourceTree = "<group>";
		};
/* End PBXVariantGroup section */

/* Begin XCBuildConfiguration section */
		041623902446E82900B6E1CA /* Debug */ = {
			isa = XCBuildConfiguration;
			buildSettings = {
				ALWAYS_SEARCH_USER_PATHS = NO;
				CLANG_ANALYZER_NONNULL = YES;
				CLANG_ANALYZER_NUMBER_OBJECT_CONVERSION = YES_AGGRESSIVE;
				CLANG_CXX_LANGUAGE_STANDARD = "gnu++14";
				CLANG_CXX_LIBRARY = "libc++";
				CLANG_ENABLE_MODULES = YES;
				CLANG_ENABLE_OBJC_ARC = YES;
				CLANG_ENABLE_OBJC_WEAK = YES;
				CLANG_WARN_BLOCK_CAPTURE_AUTORELEASING = YES;
				CLANG_WARN_BOOL_CONVERSION = YES;
				CLANG_WARN_COMMA = YES;
				CLANG_WARN_CONSTANT_CONVERSION = YES;
				CLANG_WARN_DEPRECATED_OBJC_IMPLEMENTATIONS = YES;
				CLANG_WARN_DIRECT_OBJC_ISA_USAGE = YES_ERROR;
				CLANG_WARN_DOCUMENTATION_COMMENTS = YES;
				CLANG_WARN_EMPTY_BODY = YES;
				CLANG_WARN_ENUM_CONVERSION = YES;
				CLANG_WARN_INFINITE_RECURSION = YES;
				CLANG_WARN_INT_CONVERSION = YES;
				CLANG_WARN_NON_LITERAL_NULL_CONVERSION = YES;
				CLANG_WARN_OBJC_IMPLICIT_RETAIN_SELF = YES;
				CLANG_WARN_OBJC_LITERAL_CONVERSION = YES;
				CLANG_WARN_OBJC_ROOT_CLASS = YES_ERROR;
				CLANG_WARN_RANGE_LOOP_ANALYSIS = YES;
				CLANG_WARN_STRICT_PROTOTYPES = YES;
				CLANG_WARN_SUSPICIOUS_MOVE = YES;
				CLANG_WARN_UNGUARDED_AVAILABILITY = YES_AGGRESSIVE;
				CLANG_WARN_UNREACHABLE_CODE = YES;
				CLANG_WARN__DUPLICATE_METHOD_MATCH = YES;
				COPY_PHASE_STRIP = NO;
				DEBUG_INFORMATION_FORMAT = dwarf;
				ENABLE_STRICT_OBJC_MSGSEND = YES;
				ENABLE_TESTABILITY = YES;
				GCC_C_LANGUAGE_STANDARD = gnu11;
				GCC_DYNAMIC_NO_PIC = NO;
				GCC_NO_COMMON_BLOCKS = YES;
				GCC_OPTIMIZATION_LEVEL = 0;
				GCC_PREPROCESSOR_DEFINITIONS = (
					"DEBUG=1",
					"$(inherited)",
				);
				GCC_WARN_64_TO_32_BIT_CONVERSION = YES;
				GCC_WARN_ABOUT_RETURN_TYPE = YES_ERROR;
				GCC_WARN_UNDECLARED_SELECTOR = YES;
				GCC_WARN_UNINITIALIZED_AUTOS = YES_AGGRESSIVE;
				GCC_WARN_UNUSED_FUNCTION = YES;
				GCC_WARN_UNUSED_VARIABLE = YES;
				IPHONEOS_DEPLOYMENT_TARGET = 13.4;
				MTL_ENABLE_DEBUG_INFO = INCLUDE_SOURCE;
				MTL_FAST_MATH = YES;
				ONLY_ACTIVE_ARCH = YES;
				SDKROOT = iphoneos;
			};
			name = Debug;
		};
		041623912446E82900B6E1CA /* Release */ = {
			isa = XCBuildConfiguration;
			buildSettings = {
				ALWAYS_SEARCH_USER_PATHS = NO;
				CLANG_ANALYZER_NONNULL = YES;
				CLANG_ANALYZER_NUMBER_OBJECT_CONVERSION = YES_AGGRESSIVE;
				CLANG_CXX_LANGUAGE_STANDARD = "gnu++14";
				CLANG_CXX_LIBRARY = "libc++";
				CLANG_ENABLE_MODULES = YES;
				CLANG_ENABLE_OBJC_ARC = YES;
				CLANG_ENABLE_OBJC_WEAK = YES;
				CLANG_WARN_BLOCK_CAPTURE_AUTORELEASING = YES;
				CLANG_WARN_BOOL_CONVERSION = YES;
				CLANG_WARN_COMMA = YES;
				CLANG_WARN_CONSTANT_CONVERSION = YES;
				CLANG_WARN_DEPRECATED_OBJC_IMPLEMENTATIONS = YES;
				CLANG_WARN_DIRECT_OBJC_ISA_USAGE = YES_ERROR;
				CLANG_WARN_DOCUMENTATION_COMMENTS = YES;
				CLANG_WARN_EMPTY_BODY = YES;
				CLANG_WARN_ENUM_CONVERSION = YES;
				CLANG_WARN_INFINITE_RECURSION = YES;
				CLANG_WARN_INT_CONVERSION = YES;
				CLANG_WARN_NON_LITERAL_NULL_CONVERSION = YES;
				CLANG_WARN_OBJC_IMPLICIT_RETAIN_SELF = YES;
				CLANG_WARN_OBJC_LITERAL_CONVERSION = YES;
				CLANG_WARN_OBJC_ROOT_CLASS = YES_ERROR;
				CLANG_WARN_RANGE_LOOP_ANALYSIS = YES;
				CLANG_WARN_STRICT_PROTOTYPES = YES;
				CLANG_WARN_SUSPICIOUS_MOVE = YES;
				CLANG_WARN_UNGUARDED_AVAILABILITY = YES_AGGRESSIVE;
				CLANG_WARN_UNREACHABLE_CODE = YES;
				CLANG_WARN__DUPLICATE_METHOD_MATCH = YES;
				COPY_PHASE_STRIP = NO;
				DEBUG_INFORMATION_FORMAT = "dwarf-with-dsym";
				ENABLE_NS_ASSERTIONS = NO;
				ENABLE_STRICT_OBJC_MSGSEND = YES;
				GCC_C_LANGUAGE_STANDARD = gnu11;
				GCC_NO_COMMON_BLOCKS = YES;
				GCC_WARN_64_TO_32_BIT_CONVERSION = YES;
				GCC_WARN_ABOUT_RETURN_TYPE = YES_ERROR;
				GCC_WARN_UNDECLARED_SELECTOR = YES;
				GCC_WARN_UNINITIALIZED_AUTOS = YES_AGGRESSIVE;
				GCC_WARN_UNUSED_FUNCTION = YES;
				GCC_WARN_UNUSED_VARIABLE = YES;
				IPHONEOS_DEPLOYMENT_TARGET = 13.4;
				MTL_ENABLE_DEBUG_INFO = NO;
				MTL_FAST_MATH = YES;
				SDKROOT = iphoneos;
				VALIDATE_PRODUCT = YES;
			};
			name = Release;
		};
		041623932446E82900B6E1CA /* Debug */ = {
			isa = XCBuildConfiguration;
			buildSettings = {
				ASSETCATALOG_COMPILER_APPICON_NAME = AppIcon;
				CODE_SIGN_STYLE = Automatic;
				DEVELOPMENT_TEAM = MVGBX5DTX9;
				INFOPLIST_FILE = "03-GCD/Info.plist";
				LD_RUNPATH_SEARCH_PATHS = (
					"$(inherited)",
					"@executable_path/Frameworks",
				);
				PRODUCT_BUNDLE_IDENTIFIER = "com.sz.andy.zl.-3-GCD";
				PRODUCT_NAME = "$(TARGET_NAME)";
				TARGETED_DEVICE_FAMILY = "1,2";
			};
			name = Debug;
		};
		041623942446E82900B6E1CA /* Release */ = {
			isa = XCBuildConfiguration;
			buildSettings = {
				ASSETCATALOG_COMPILER_APPICON_NAME = AppIcon;
				CODE_SIGN_STYLE = Automatic;
				DEVELOPMENT_TEAM = MVGBX5DTX9;
				INFOPLIST_FILE = "03-GCD/Info.plist";
				LD_RUNPATH_SEARCH_PATHS = (
					"$(inherited)",
					"@executable_path/Frameworks",
				);
				PRODUCT_BUNDLE_IDENTIFIER = "com.sz.andy.zl.-3-GCD";
				PRODUCT_NAME = "$(TARGET_NAME)";
				TARGETED_DEVICE_FAMILY = "1,2";
			};
			name = Release;
		};
		041623962446E82900B6E1CA /* Debug */ = {
			isa = XCBuildConfiguration;
			buildSettings = {
				BUNDLE_LOADER = "$(TEST_HOST)";
				CODE_SIGN_STYLE = Automatic;
				DEVELOPMENT_TEAM = MVGBX5DTX9;
				INFOPLIST_FILE = "03-GCDTests/Info.plist";
				IPHONEOS_DEPLOYMENT_TARGET = 13.4;
				LD_RUNPATH_SEARCH_PATHS = (
					"$(inherited)",
					"@executable_path/Frameworks",
					"@loader_path/Frameworks",
				);
				PRODUCT_BUNDLE_IDENTIFIER = "com.sz.andy.zl.-3-GCDTests";
				PRODUCT_NAME = "$(TARGET_NAME)";
				TARGETED_DEVICE_FAMILY = "1,2";
				TEST_HOST = "$(BUILT_PRODUCTS_DIR)/03-GCD.app/03-GCD";
			};
			name = Debug;
		};
		041623972446E82900B6E1CA /* Release */ = {
			isa = XCBuildConfiguration;
			buildSettings = {
				BUNDLE_LOADER = "$(TEST_HOST)";
				CODE_SIGN_STYLE = Automatic;
				DEVELOPMENT_TEAM = MVGBX5DTX9;
				INFOPLIST_FILE = "03-GCDTests/Info.plist";
				IPHONEOS_DEPLOYMENT_TARGET = 13.4;
				LD_RUNPATH_SEARCH_PATHS = (
					"$(inherited)",
					"@executable_path/Frameworks",
					"@loader_path/Frameworks",
				);
				PRODUCT_BUNDLE_IDENTIFIER = "com.sz.andy.zl.-3-GCDTests";
				PRODUCT_NAME = "$(TARGET_NAME)";
				TARGETED_DEVICE_FAMILY = "1,2";
				TEST_HOST = "$(BUILT_PRODUCTS_DIR)/03-GCD.app/03-GCD";
			};
			name = Release;
		};
		041623992446E82900B6E1CA /* Debug */ = {
			isa = XCBuildConfiguration;
			buildSettings = {
				CODE_SIGN_STYLE = Automatic;
				DEVELOPMENT_TEAM = MVGBX5DTX9;
				INFOPLIST_FILE = "03-GCDUITests/Info.plist";
				LD_RUNPATH_SEARCH_PATHS = (
					"$(inherited)",
					"@executable_path/Frameworks",
					"@loader_path/Frameworks",
				);
				PRODUCT_BUNDLE_IDENTIFIER = "com.sz.andy.zl.-3-GCDUITests";
				PRODUCT_NAME = "$(TARGET_NAME)";
				TARGETED_DEVICE_FAMILY = "1,2";
				TEST_TARGET_NAME = "03-GCD";
			};
			name = Debug;
		};
		0416239A2446E82900B6E1CA /* Release */ = {
			isa = XCBuildConfiguration;
			buildSettings = {
				CODE_SIGN_STYLE = Automatic;
				DEVELOPMENT_TEAM = MVGBX5DTX9;
				INFOPLIST_FILE = "03-GCDUITests/Info.plist";
				LD_RUNPATH_SEARCH_PATHS = (
					"$(inherited)",
					"@executable_path/Frameworks",
					"@loader_path/Frameworks",
				);
				PRODUCT_BUNDLE_IDENTIFIER = "com.sz.andy.zl.-3-GCDUITests";
				PRODUCT_NAME = "$(TARGET_NAME)";
				TARGETED_DEVICE_FAMILY = "1,2";
				TEST_TARGET_NAME = "03-GCD";
			};
			name = Release;
		};
/* End XCBuildConfiguration section */

/* Begin XCConfigurationList section */
		0416235E2446E82700B6E1CA /* Build configuration list for PBXProject "03-GCD" */ = {
			isa = XCConfigurationList;
			buildConfigurations = (
				041623902446E82900B6E1CA /* Debug */,
				041623912446E82900B6E1CA /* Release */,
			);
			defaultConfigurationIsVisible = 0;
			defaultConfigurationName = Release;
		};
		041623922446E82900B6E1CA /* Build configuration list for PBXNativeTarget "03-GCD" */ = {
			isa = XCConfigurationList;
			buildConfigurations = (
				041623932446E82900B6E1CA /* Debug */,
				041623942446E82900B6E1CA /* Release */,
			);
			defaultConfigurationIsVisible = 0;
			defaultConfigurationName = Release;
		};
		041623952446E82900B6E1CA /* Build configuration list for PBXNativeTarget "03-GCDTests" */ = {
			isa = XCConfigurationList;
			buildConfigurations = (
				041623962446E82900B6E1CA /* Debug */,
				041623972446E82900B6E1CA /* Release */,
			);
			defaultConfigurationIsVisible = 0;
			defaultConfigurationName = Release;
		};
		041623982446E82900B6E1CA /* Build configuration list for PBXNativeTarget "03-GCDUITests" */ = {
			isa = XCConfigurationList;
			buildConfigurations = (
				041623992446E82900B6E1CA /* Debug */,
				0416239A2446E82900B6E1CA /* Release */,
			);
			defaultConfigurationIsVisible = 0;
			defaultConfigurationName = Release;
		};
/* End XCConfigurationList section */
	};
	rootObject = 0416235B2446E82700B6E1CA /* Project object */;
}
